
Microsoft Visual Studio Solution File, Format Version 12.00
# Visual Studio Version 17
VisualStudioVersion = 17.4.33122.133
MinimumVisualStudioVersion = 10.0.40219.1
Project("{FAE04EC0-301F-11D3-BF4B-00C04F79EFBC}") = "DiscordBot", "DiscordBot\DiscordBot.csproj", "{C53688D7-3EC8-442E-9ED9-0875C441EEE1}"
EndProject
Global
	GlobalSection(SolutionConfigurationPlatforms) = preSolution
		Debug|Any CPU = Debug|Any CPU
		Release|Any CPU = Release|Any CPU
	EndGlobalSection
	GlobalSection(ProjectConfigurationPlatforms) = postSolution
		{C53688D7-3EC8-442E-9ED9-0875C441EEE1}.Debug|Any CPU.ActiveCfg = Debug|Any CPU
		{C53688D7-3EC8-442E-9ED9-0875C441EEE1}.Debug|Any CPU.Build.0 = Debug|Any CPU
		{C53688D7-3EC8-442E-9ED9-0875C441EEE1}.Release|Any CPU.ActiveCfg = Release|Any CPU
		{C53688D7-3EC8-442E-9ED9-0875C441EEE1}.Release|Any CPU.Build.0 = Release|Any CPU
	EndGlobalSection
	GlobalSection(SolutionProperties) = preSolution
		HideSolutionNode = FALSE
	EndGlobalSection
	GlobalSection(ExtensibilityGlobals) = postSolution
		SolutionGuid = {C2E44A6C-9D3F-4CDC-AA83-D5AA75767B77}
	EndGlobalSection
EndGlobal
